// !$*UTF8*$!
{
	archiveVersion = 1;
	classes = {
	};
	objectVersion = 50;
	objects = {

/* Begin PBXBuildFile section */
		156FD21E25D865AE00B4FE1E /* AppDelegate.swift in Sources */ = {isa = PBXBuildFile; fileRef = 156FD21D25D865AE00B4FE1E /* AppDelegate.swift */; };
		156FD22025D865AE00B4FE1E /* AudioOutputSelectorViewController.swift in Sources */ = {isa = PBXBuildFile; fileRef = 156FD21F25D865AE00B4FE1E /* AudioOutputSelectorViewController.swift */; };
		156FD22225D865AF00B4FE1E /* Assets.xcassets in Resources */ = {isa = PBXBuildFile; fileRef = 156FD22125D865AF00B4FE1E /* Assets.xcassets */; };
		156FD23125D865B000B4FE1E /* AudioOutputSelectorTests.swift in Sources */ = {isa = PBXBuildFile; fileRef = 156FD23025D865B000B4FE1E /* AudioOutputSelectorTests.swift */; };
		156FD23C25D865B000B4FE1E /* AudioOutputSelectorUITests.swift in Sources */ = {isa = PBXBuildFile; fileRef = 156FD23B25D865B000B4FE1E /* AudioOutputSelectorUITests.swift */; };
		156FD25125D8746D00B4FE1E /* main.swift in Sources */ = {isa = PBXBuildFile; fileRef = 156FD25025D8746D00B4FE1E /* main.swift */; };
		156FD25925D8808200B4FE1E /* EventMonitor.swift in Sources */ = {isa = PBXBuildFile; fileRef = 156FD25825D8808200B4FE1E /* EventMonitor.swift */; };
/* End PBXBuildFile section */

/* Begin PBXContainerItemProxy section */
		156FD22D25D865AF00B4FE1E /* PBXContainerItemProxy */ = {
			isa = PBXContainerItemProxy;
			containerPortal = 156FD21225D865AE00B4FE1E /* Project object */;
			proxyType = 1;
			remoteGlobalIDString = 156FD21925D865AE00B4FE1E;
			remoteInfo = AudioOutputSelector;
		};
		156FD23825D865B000B4FE1E /* PBXContainerItemProxy */ = {
			isa = PBXContainerItemProxy;
			containerPortal = 156FD21225D865AE00B4FE1E /* Project object */;
			proxyType = 1;
			remoteGlobalIDString = 156FD21925D865AE00B4FE1E;
			remoteInfo = AudioOutputSelector;
		};
/* End PBXContainerItemProxy section */

/* Begin PBXFileReference section */
		156FD21A25D865AE00B4FE1E /* AudioOutputSelector.app */ = {isa = PBXFileReference; explicitFileType = wrapper.application; includeInIndex = 0; path = AudioOutputSelector.app; sourceTree = BUILT_PRODUCTS_DIR; };
		156FD21D25D865AE00B4FE1E /* AppDelegate.swift */ = {isa = PBXFileReference; lastKnownFileType = sourcecode.swift; path = AppDelegate.swift; sourceTree = "<group>"; };
		156FD21F25D865AE00B4FE1E /* AudioOutputSelectorViewController.swift */ = {isa = PBXFileReference; lastKnownFileType = sourcecode.swift; path = AudioOutputSelectorViewController.swift; sourceTree = "<group>"; };
		156FD22125D865AF00B4FE1E /* Assets.xcassets */ = {isa = PBXFileReference; lastKnownFileType = folder.assetcatalog; path = Assets.xcassets; sourceTree = "<group>"; };
		156FD22625D865AF00B4FE1E /* Info.plist */ = {isa = PBXFileReference; lastKnownFileType = text.plist.xml; path = Info.plist; sourceTree = "<group>"; };
		156FD22725D865AF00B4FE1E /* AudioOutputSelector.entitlements */ = {isa = PBXFileReference; lastKnownFileType = text.plist.entitlements; path = AudioOutputSelector.entitlements; sourceTree = "<group>"; };
		156FD22C25D865AF00B4FE1E /* AudioOutputSelectorTests.xctest */ = {isa = PBXFileReference; explicitFileType = wrapper.cfbundle; includeInIndex = 0; path = AudioOutputSelectorTests.xctest; sourceTree = BUILT_PRODUCTS_DIR; };
		156FD23025D865B000B4FE1E /* AudioOutputSelectorTests.swift */ = {isa = PBXFileReference; lastKnownFileType = sourcecode.swift; path = AudioOutputSelectorTests.swift; sourceTree = "<group>"; };
		156FD23225D865B000B4FE1E /* Info.plist */ = {isa = PBXFileReference; lastKnownFileType = text.plist.xml; path = Info.plist; sourceTree = "<group>"; };
		156FD23725D865B000B4FE1E /* AudioOutputSelectorUITests.xctest */ = {isa = PBXFileReference; explicitFileType = wrapper.cfbundle; includeInIndex = 0; path = AudioOutputSelectorUITests.xctest; sourceTree = BUILT_PRODUCTS_DIR; };
		156FD23B25D865B000B4FE1E /* AudioOutputSelectorUITests.swift */ = {isa = PBXFileReference; lastKnownFileType = sourcecode.swift; path = AudioOutputSelectorUITests.swift; sourceTree = "<group>"; };
		156FD23D25D865B000B4FE1E /* Info.plist */ = {isa = PBXFileReference; lastKnownFileType = text.plist.xml; path = Info.plist; sourceTree = "<group>"; };
		156FD25025D8746D00B4FE1E /* main.swift */ = {isa = PBXFileReference; lastKnownFileType = sourcecode.swift; path = main.swift; sourceTree = "<group>"; };
		156FD25825D8808200B4FE1E /* EventMonitor.swift */ = {isa = PBXFileReference; lastKnownFileType = sourcecode.swift; path = EventMonitor.swift; sourceTree = "<group>"; };
/* End PBXFileReference section */

/* Begin PBXFrameworksBuildPhase section */
		156FD21725D865AE00B4FE1E /* Frameworks */ = {
			isa = PBXFrameworksBuildPhase;
			buildActionMask = 2147483647;
			files = (
			);
			runOnlyForDeploymentPostprocessing = 0;
		};
		156FD22925D865AF00B4FE1E /* Frameworks */ = {
			isa = PBXFrameworksBuildPhase;
			buildActionMask = 2147483647;
			files = (
			);
			runOnlyForDeploymentPostprocessing = 0;
		};
		156FD23425D865B000B4FE1E /* Frameworks */ = {
			isa = PBXFrameworksBuildPhase;
			buildActionMask = 2147483647;
			files = (
			);
			runOnlyForDeploymentPostprocessing = 0;
		};
/* End PBXFrameworksBuildPhase section */

/* Begin PBXGroup section */
		156FD21125D865AE00B4FE1E = {
			isa = PBXGroup;
			children = (
				156FD21C25D865AE00B4FE1E /* AudioOutputSelector */,
				156FD22F25D865B000B4FE1E /* AudioOutputSelectorTests */,
				156FD23A25D865B000B4FE1E /* AudioOutputSelectorUITests */,
				156FD21B25D865AE00B4FE1E /* Products */,
			);
			sourceTree = "<group>";
		};
		156FD21B25D865AE00B4FE1E /* Products */ = {
			isa = PBXGroup;
			children = (
				156FD21A25D865AE00B4FE1E /* AudioOutputSelector.app */,
				156FD22C25D865AF00B4FE1E /* AudioOutputSelectorTests.xctest */,
				156FD23725D865B000B4FE1E /* AudioOutputSelectorUITests.xctest */,
			);
			name = Products;
			sourceTree = "<group>";
		};
		156FD21C25D865AE00B4FE1E /* AudioOutputSelector */ = {
			isa = PBXGroup;
			children = (
				156FD21D25D865AE00B4FE1E /* AppDelegate.swift */,
				156FD21F25D865AE00B4FE1E /* AudioOutputSelectorViewController.swift */,
				156FD22125D865AF00B4FE1E /* Assets.xcassets */,
				156FD22625D865AF00B4FE1E /* Info.plist */,
				156FD22725D865AF00B4FE1E /* AudioOutputSelector.entitlements */,
				156FD25025D8746D00B4FE1E /* main.swift */,
				156FD25825D8808200B4FE1E /* EventMonitor.swift */,
			);
			path = AudioOutputSelector;
			sourceTree = "<group>";
		};
		156FD22F25D865B000B4FE1E /* AudioOutputSelectorTests */ = {
			isa = PBXGroup;
			children = (
				156FD23025D865B000B4FE1E /* AudioOutputSelectorTests.swift */,
				156FD23225D865B000B4FE1E /* Info.plist */,
			);
			path = AudioOutputSelectorTests;
			sourceTree = "<group>";
		};
		156FD23A25D865B000B4FE1E /* AudioOutputSelectorUITests */ = {
			isa = PBXGroup;
			children = (
				156FD23B25D865B000B4FE1E /* AudioOutputSelectorUITests.swift */,
				156FD23D25D865B000B4FE1E /* Info.plist */,
			);
			path = AudioOutputSelectorUITests;
			sourceTree = "<group>";
		};
/* End PBXGroup section */

/* Begin PBXNativeTarget section */
		156FD21925D865AE00B4FE1E /* AudioOutputSelector */ = {
			isa = PBXNativeTarget;
			buildConfigurationList = 156FD24025D865B000B4FE1E /* Build configuration list for PBXNativeTarget "AudioOutputSelector" */;
			buildPhases = (
				156FD21625D865AE00B4FE1E /* Sources */,
				156FD21725D865AE00B4FE1E /* Frameworks */,
				156FD21825D865AE00B4FE1E /* Resources */,
			);
			buildRules = (
			);
			dependencies = (
			);
			name = AudioOutputSelector;
			productName = AudioOutputSelector;
			productReference = 156FD21A25D865AE00B4FE1E /* AudioOutputSelector.app */;
			productType = "com.apple.product-type.application";
		};
		156FD22B25D865AF00B4FE1E /* AudioOutputSelectorTests */ = {
			isa = PBXNativeTarget;
			buildConfigurationList = 156FD24325D865B000B4FE1E /* Build configuration list for PBXNativeTarget "AudioOutputSelectorTests" */;
			buildPhases = (
				156FD22825D865AF00B4FE1E /* Sources */,
				156FD22925D865AF00B4FE1E /* Frameworks */,
				156FD22A25D865AF00B4FE1E /* Resources */,
			);
			buildRules = (
			);
			dependencies = (
				156FD22E25D865AF00B4FE1E /* PBXTargetDependency */,
			);
			name = AudioOutputSelectorTests;
			productName = AudioOutputSelectorTests;
			productReference = 156FD22C25D865AF00B4FE1E /* AudioOutputSelectorTests.xctest */;
			productType = "com.apple.product-type.bundle.unit-test";
		};
		156FD23625D865B000B4FE1E /* AudioOutputSelectorUITests */ = {
			isa = PBXNativeTarget;
			buildConfigurationList = 156FD24625D865B000B4FE1E /* Build configuration list for PBXNativeTarget "AudioOutputSelectorUITests" */;
			buildPhases = (
				156FD23325D865B000B4FE1E /* Sources */,
				156FD23425D865B000B4FE1E /* Frameworks */,
				156FD23525D865B000B4FE1E /* Resources */,
			);
			buildRules = (
			);
			dependencies = (
				156FD23925D865B000B4FE1E /* PBXTargetDependency */,
			);
			name = AudioOutputSelectorUITests;
			productName = AudioOutputSelectorUITests;
			productReference = 156FD23725D865B000B4FE1E /* AudioOutputSelectorUITests.xctest */;
			productType = "com.apple.product-type.bundle.ui-testing";
		};
/* End PBXNativeTarget section */

/* Begin PBXProject section */
		156FD21225D865AE00B4FE1E /* Project object */ = {
			isa = PBXProject;
			attributes = {
				LastSwiftUpdateCheck = 1240;
				LastUpgradeCheck = 1240;
				TargetAttributes = {
					156FD21925D865AE00B4FE1E = {
						CreatedOnToolsVersion = 12.4;
					};
					156FD22B25D865AF00B4FE1E = {
						CreatedOnToolsVersion = 12.4;
						TestTargetID = 156FD21925D865AE00B4FE1E;
					};
					156FD23625D865B000B4FE1E = {
						CreatedOnToolsVersion = 12.4;
						TestTargetID = 156FD21925D865AE00B4FE1E;
					};
				};
			};
			buildConfigurationList = 156FD21525D865AE00B4FE1E /* Build configuration list for PBXProject "AudioOutputSelector" */;
			compatibilityVersion = "Xcode 9.3";
			developmentRegion = en;
			hasScannedForEncodings = 0;
			knownRegions = (
				en,
				Base,
			);
			mainGroup = 156FD21125D865AE00B4FE1E;
			productRefGroup = 156FD21B25D865AE00B4FE1E /* Products */;
			projectDirPath = "";
			projectRoot = "";
			targets = (
				156FD21925D865AE00B4FE1E /* AudioOutputSelector */,
				156FD22B25D865AF00B4FE1E /* AudioOutputSelectorTests */,
				156FD23625D865B000B4FE1E /* AudioOutputSelectorUITests */,
			);
		};
/* End PBXProject section */

/* Begin PBXResourcesBuildPhase section */
		156FD21825D865AE00B4FE1E /* Resources */ = {
			isa = PBXResourcesBuildPhase;
			buildActionMask = 2147483647;
			files = (
				156FD22225D865AF00B4FE1E /* Assets.xcassets in Resources */,
			);
			runOnlyForDeploymentPostprocessing = 0;
		};
		156FD22A25D865AF00B4FE1E /* Resources */ = {
			isa = PBXResourcesBuildPhase;
			buildActionMask = 2147483647;
			files = (
			);
			runOnlyForDeploymentPostprocessing = 0;
		};
		156FD23525D865B000B4FE1E /* Resources */ = {
			isa = PBXResourcesBuildPhase;
			buildActionMask = 2147483647;
			files = (
			);
			runOnlyForDeploymentPostprocessing = 0;
		};
/* End PBXResourcesBuildPhase section */

/* Begin PBXSourcesBuildPhase section */
		156FD21625D865AE00B4FE1E /* Sources */ = {
			isa = PBXSourcesBuildPhase;
			buildActionMask = 2147483647;
			files = (
				156FD22025D865AE00B4FE1E /* AudioOutputSelectorViewController.swift in Sources */,
				156FD21E25D865AE00B4FE1E /* AppDelegate.swift in Sources */,
				156FD25125D8746D00B4FE1E /* main.swift in Sources */,
				156FD25925D8808200B4FE1E /* EventMonitor.swift in Sources */,
			);
			runOnlyForDeploymentPostprocessing = 0;
		};
		156FD22825D865AF00B4FE1E /* Sources */ = {
			isa = PBXSourcesBuildPhase;
			buildActionMask = 2147483647;
			files = (
				156FD23125D865B000B4FE1E /* AudioOutputSelectorTests.swift in Sources */,
			);
			runOnlyForDeploymentPostprocessing = 0;
		};
		156FD23325D865B000B4FE1E /* Sources */ = {
			isa = PBXSourcesBuildPhase;
			buildActionMask = 2147483647;
			files = (
				156FD23C25D865B000B4FE1E /* AudioOutputSelectorUITests.swift in Sources */,
			);
			runOnlyForDeploymentPostprocessing = 0;
		};
/* End PBXSourcesBuildPhase section */

/* Begin PBXTargetDependency section */
		156FD22E25D865AF00B4FE1E /* PBXTargetDependency */ = {
			isa = PBXTargetDependency;
			target = 156FD21925D865AE00B4FE1E /* AudioOutputSelector */;
			targetProxy = 156FD22D25D865AF00B4FE1E /* PBXContainerItemProxy */;
		};
		156FD23925D865B000B4FE1E /* PBXTargetDependency */ = {
			isa = PBXTargetDependency;
			target = 156FD21925D865AE00B4FE1E /* AudioOutputSelector */;
			targetProxy = 156FD23825D865B000B4FE1E /* PBXContainerItemProxy */;
		};
/* End PBXTargetDependency section */

/* Begin XCBuildConfiguration section */
		156FD23E25D865B000B4FE1E /* Debug */ = {
			isa = XCBuildConfiguration;
			buildSettings = {
				ALWAYS_SEARCH_USER_PATHS = NO;
				CLANG_ANALYZER_NONNULL = YES;
				CLANG_ANALYZER_NUMBER_OBJECT_CONVERSION = YES_AGGRESSIVE;
				CLANG_CXX_LANGUAGE_STANDARD = "gnu++14";
				CLANG_CXX_LIBRARY = "libc++";
				CLANG_ENABLE_MODULES = YES;
				CLANG_ENABLE_OBJC_ARC = YES;
				CLANG_ENABLE_OBJC_WEAK = YES;
				CLANG_WARN_BLOCK_CAPTURE_AUTORELEASING = YES;
				CLANG_WARN_BOOL_CONVERSION = YES;
				CLANG_WARN_COMMA = YES;
				CLANG_WARN_CONSTANT_CONVERSION = YES;
				CLANG_WARN_DEPRECATED_OBJC_IMPLEMENTATIONS = YES;
				CLANG_WARN_DIRECT_OBJC_ISA_USAGE = YES_ERROR;
				CLANG_WARN_DOCUMENTATION_COMMENTS = YES;
				CLANG_WARN_EMPTY_BODY = YES;
				CLANG_WARN_ENUM_CONVERSION = YES;
				CLANG_WARN_INFINITE_RECURSION = YES;
				CLANG_WARN_INT_CONVERSION = YES;
				CLANG_WARN_NON_LITERAL_NULL_CONVERSION = YES;
				CLANG_WARN_OBJC_IMPLICIT_RETAIN_SELF = YES;
				CLANG_WARN_OBJC_LITERAL_CONVERSION = YES;
				CLANG_WARN_OBJC_ROOT_CLASS = YES_ERROR;
				CLANG_WARN_QUOTED_INCLUDE_IN_FRAMEWORK_HEADER = YES;
				CLANG_WARN_RANGE_LOOP_ANALYSIS = YES;
				CLANG_WARN_STRICT_PROTOTYPES = YES;
				CLANG_WARN_SUSPICIOUS_MOVE = YES;
				CLANG_WARN_UNGUARDED_AVAILABILITY = YES_AGGRESSIVE;
				CLANG_WARN_UNREACHABLE_CODE = YES;
				CLANG_WARN__DUPLICATE_METHOD_MATCH = YES;
				COPY_PHASE_STRIP = NO;
				DEBUG_INFORMATION_FORMAT = dwarf;
				ENABLE_STRICT_OBJC_MSGSEND = YES;
				ENABLE_TESTABILITY = YES;
				GCC_C_LANGUAGE_STANDARD = gnu11;
				GCC_DYNAMIC_NO_PIC = NO;
				GCC_NO_COMMON_BLOCKS = YES;
				GCC_OPTIMIZATION_LEVEL = 0;
				GCC_PREPROCESSOR_DEFINITIONS = (
					"DEBUG=1",
					"$(inherited)",
				);
				GCC_WARN_64_TO_32_BIT_CONVERSION = YES;
				GCC_WARN_ABOUT_RETURN_TYPE = YES_ERROR;
				GCC_WARN_UNDECLARED_SELECTOR = YES;
				GCC_WARN_UNINITIALIZED_AUTOS = YES_AGGRESSIVE;
				GCC_WARN_UNUSED_FUNCTION = YES;
				GCC_WARN_UNUSED_VARIABLE = YES;
				MACOSX_DEPLOYMENT_TARGET = 11.1;
				MTL_ENABLE_DEBUG_INFO = INCLUDE_SOURCE;
				MTL_FAST_MATH = YES;
				ONLY_ACTIVE_ARCH = YES;
				SDKROOT = macosx;
				SWIFT_ACTIVE_COMPILATION_CONDITIONS = DEBUG;
				SWIFT_OPTIMIZATION_LEVEL = "-Onone";
			};
			name = Debug;
		};
		156FD23F25D865B000B4FE1E /* Release */ = {
			isa = XCBuildConfiguration;
			buildSettings = {
				ALWAYS_SEARCH_USER_PATHS = NO;
				CLANG_ANALYZER_NONNULL = YES;
				CLANG_ANALYZER_NUMBER_OBJECT_CONVERSION = YES_AGGRESSIVE;
				CLANG_CXX_LANGUAGE_STANDARD = "gnu++14";
				CLANG_CXX_LIBRARY = "libc++";
				CLANG_ENABLE_MODULES = YES;
				CLANG_ENABLE_OBJC_ARC = YES;
				CLANG_ENABLE_OBJC_WEAK = YES;
				CLANG_WARN_BLOCK_CAPTURE_AUTORELEASING = YES;
				CLANG_WARN_BOOL_CONVERSION = YES;
				CLANG_WARN_COMMA = YES;
				CLANG_WARN_CONSTANT_CONVERSION = YES;
				CLANG_WARN_DEPRECATED_OBJC_IMPLEMENTATIONS = YES;
				CLANG_WARN_DIRECT_OBJC_ISA_USAGE = YES_ERROR;
				CLANG_WARN_DOCUMENTATION_COMMENTS = YES;
				CLANG_WARN_EMPTY_BODY = YES;
				CLANG_WARN_ENUM_CONVERSION = YES;
				CLANG_WARN_INFINITE_RECURSION = YES;
				CLANG_WARN_INT_CONVERSION = YES;
				CLANG_WARN_NON_LITERAL_NULL_CONVERSION = YES;
				CLANG_WARN_OBJC_IMPLICIT_RETAIN_SELF = YES;
				CLANG_WARN_OBJC_LITERAL_CONVERSION = YES;
				CLANG_WARN_OBJC_ROOT_CLASS = YES_ERROR;
				CLANG_WARN_QUOTED_INCLUDE_IN_FRAMEWORK_HEADER = YES;
				CLANG_WARN_RANGE_LOOP_ANALYSIS = YES;
				CLANG_WARN_STRICT_PROTOTYPES = YES;
				CLANG_WARN_SUSPICIOUS_MOVE = YES;
				CLANG_WARN_UNGUARDED_AVAILABILITY = YES_AGGRESSIVE;
				CLANG_WARN_UNREACHABLE_CODE = YES;
				CLANG_WARN__DUPLICATE_METHOD_MATCH = YES;
				COPY_PHASE_STRIP = NO;
				DEBUG_INFORMATION_FORMAT = "dwarf-with-dsym";
				ENABLE_NS_ASSERTIONS = NO;
				ENABLE_STRICT_OBJC_MSGSEND = YES;
				GCC_C_LANGUAGE_STANDARD = gnu11;
				GCC_NO_COMMON_BLOCKS = YES;
				GCC_WARN_64_TO_32_BIT_CONVERSION = YES;
				GCC_WARN_ABOUT_RETURN_TYPE = YES_ERROR;
				GCC_WARN_UNDECLARED_SELECTOR = YES;
				GCC_WARN_UNINITIALIZED_AUTOS = YES_AGGRESSIVE;
				GCC_WARN_UNUSED_FUNCTION = YES;
				GCC_WARN_UNUSED_VARIABLE = YES;
				MACOSX_DEPLOYMENT_TARGET = 11.1;
				MTL_ENABLE_DEBUG_INFO = NO;
				MTL_FAST_MATH = YES;
				SDKROOT = macosx;
				SWIFT_COMPILATION_MODE = wholemodule;
				SWIFT_OPTIMIZATION_LEVEL = "-O";
			};
			name = Release;
		};
		156FD24125D865B000B4FE1E /* Debug */ = {
			isa = XCBuildConfiguration;
			buildSettings = {
				ASSETCATALOG_COMPILER_APPICON_NAME = AppIcon;
				ASSETCATALOG_COMPILER_GLOBAL_ACCENT_COLOR_NAME = AccentColor;
				CODE_SIGN_ENTITLEMENTS = AudioOutputSelector/AudioOutputSelector.entitlements;
				CODE_SIGN_STYLE = Automatic;
				COMBINE_HIDPI_IMAGES = YES;
				DEVELOPMENT_TEAM = H929RNU2C4;
				ENABLE_HARDENED_RUNTIME = YES;
				INFOPLIST_FILE = AudioOutputSelector/Info.plist;
				LD_RUNPATH_SEARCH_PATHS = (
					"$(inherited)",
					"@executable_path/../Frameworks",
				);
				PRODUCT_BUNDLE_IDENTIFIER = "Gabriel-Soria-Souza.AudioOutputSelector";
				PRODUCT_NAME = "$(TARGET_NAME)";
				SWIFT_VERSION = 5.0;
			};
			name = Debug;
		};
		156FD24225D865B000B4FE1E /* Release */ = {
			isa = XCBuildConfiguration;
			buildSettings = {
				ASSETCATALOG_COMPILER_APPICON_NAME = AppIcon;
				ASSETCATALOG_COMPILER_GLOBAL_ACCENT_COLOR_NAME = AccentColor;
				CODE_SIGN_ENTITLEMENTS = AudioOutputSelector/AudioOutputSelector.entitlements;
				CODE_SIGN_STYLE = Automatic;
				COMBINE_HIDPI_IMAGES = YES;
				DEVELOPMENT_TEAM = H929RNU2C4;
				ENABLE_HARDENED_RUNTIME = YES;
				INFOPLIST_FILE = AudioOutputSelector/Info.plist;
				LD_RUNPATH_SEARCH_PATHS = (
					"$(inherited)",
					"@executable_path/../Frameworks",
				);
				PRODUCT_BUNDLE_IDENTIFIER = "Gabriel-Soria-Souza.AudioOutputSelector";
				PRODUCT_NAME = "$(TARGET_NAME)";
				SWIFT_VERSION = 5.0;
			};
			name = Release;
		};
		156FD24425D865B000B4FE1E /* Debug */ = {
			isa = XCBuildConfiguration;
			buildSettings = {
				ALWAYS_EMBED_SWIFT_STANDARD_LIBRARIES = YES;
				BUNDLE_LOADER = "$(TEST_HOST)";
				CODE_SIGN_STYLE = Automatic;
				COMBINE_HIDPI_IMAGES = YES;
				DEVELOPMENT_TEAM = H929RNU2C4;
				INFOPLIST_FILE = AudioOutputSelectorTests/Info.plist;
				LD_RUNPATH_SEARCH_PATHS = (
					"$(inherited)",
					"@executable_path/../Frameworks",
					"@loader_path/../Frameworks",
				);
				MACOSX_DEPLOYMENT_TARGET = 11.1;
				PRODUCT_BUNDLE_IDENTIFIER = "Gabriel-Soria-Souza.AudioOutputSelectorTests";
				PRODUCT_NAME = "$(TARGET_NAME)";
				SWIFT_VERSION = 5.0;
				TEST_HOST = "$(BUILT_PRODUCTS_DIR)/AudioOutputSelector.app/Contents/MacOS/AudioOutputSelector";
			};
			name = Debug;
		};
		156FD24525D865B000B4FE1E /* Release */ = {
			isa = XCBuildConfiguration;
			buildSettings = {
				ALWAYS_EMBED_SWIFT_STANDARD_LIBRARIES = YES;
				BUNDLE_LOADER = "$(TEST_HOST)";
				CODE_SIGN_STYLE = Automatic;
				COMBINE_HIDPI_IMAGES = YES;
				DEVELOPMENT_TEAM = H929RNU2C4;
				INFOPLIST_FILE = AudioOutputSelectorTests/Info.plist;
				LD_RUNPATH_SEARCH_PATHS = (
					"$(inherited)",
					"@executable_path/../Frameworks",
					"@loader_path/../Frameworks",
				);
				MACOSX_DEPLOYMENT_TARGET = 11.1;
				PRODUCT_BUNDLE_IDENTIFIER = "Gabriel-Soria-Souza.AudioOutputSelectorTests";
				PRODUCT_NAME = "$(TARGET_NAME)";
				SWIFT_VERSION = 5.0;
				TEST_HOST = "$(BUILT_PRODUCTS_DIR)/AudioOutputSelector.app/Contents/MacOS/AudioOutputSelector";
			};
			name = Release;
		};
		156FD24725D865B000B4FE1E /* Debug */ = {
			isa = XCBuildConfiguration;
			buildSettings = {
				ALWAYS_EMBED_SWIFT_STANDARD_LIBRARIES = YES;
				CODE_SIGN_STYLE = Automatic;
				COMBINE_HIDPI_IMAGES = YES;
				DEVELOPMENT_TEAM = H929RNU2C4;
				INFOPLIST_FILE = AudioOutputSelectorUITests/Info.plist;
				LD_RUNPATH_SEARCH_PATHS = (
					"$(inherited)",
					"@executable_path/../Frameworks",
					"@loader_path/../Frameworks",
				);
				PRODUCT_BUNDLE_IDENTIFIER = "Gabriel-Soria-Souza.AudioOutputSelectorUITests";
				PRODUCT_NAME = "$(TARGET_NAME)";
				SWIFT_VERSION = 5.0;
				TEST_TARGET_NAME = AudioOutputSelector;
			};
			name = Debug;
		};
		156FD24825D865B000B4FE1E /* Release */ = {
			isa = XCBuildConfiguration;
			buildSettings = {
				ALWAYS_EMBED_SWIFT_STANDARD_LIBRARIES = YES;
				CODE_SIGN_STYLE = Automatic;
				COMBINE_HIDPI_IMAGES = YES;
				DEVELOPMENT_TEAM = H929RNU2C4;
				INFOPLIST_FILE = AudioOutputSelectorUITests/Info.plist;
				LD_RUNPATH_SEARCH_PATHS = (
					"$(inherited)",
					"@executable_path/../Frameworks",
					"@loader_path/../Frameworks",
				);
				PRODUCT_BUNDLE_IDENTIFIER = "Gabriel-Soria-Souza.AudioOutputSelectorUITests";
				PRODUCT_NAME = "$(TARGET_NAME)";
				SWIFT_VERSION = 5.0;
				TEST_TARGET_NAME = AudioOutputSelector;
			};
			name = Release;
		};
/* End XCBuildConfiguration section */

/* Begin XCConfigurationList section */
		156FD21525D865AE00B4FE1E /* Build configuration list for PBXProject "AudioOutputSelector" */ = {
			isa = XCConfigurationList;
			buildConfigurations = (
				156FD23E25D865B000B4FE1E /* Debug */,
				156FD23F25D865B000B4FE1E /* Release */,
			);
			defaultConfigurationIsVisible = 0;
			defaultConfigurationName = Release;
		};
		156FD24025D865B000B4FE1E /* Build configuration list for PBXNativeTarget "AudioOutputSelector" */ = {
			isa = XCConfigurationList;
			buildConfigurations = (
				156FD24125D865B000B4FE1E /* Debug */,
				156FD24225D865B000B4FE1E /* Release */,
			);
			defaultConfigurationIsVisible = 0;
			defaultConfigurationName = Release;
		};
		156FD24325D865B000B4FE1E /* Build configuration list for PBXNativeTarget "AudioOutputSelectorTests" */ = {
			isa = XCConfigurationList;
			buildConfigurations = (
				156FD24425D865B000B4FE1E /* Debug */,
				156FD24525D865B000B4FE1E /* Release */,
			);
			defaultConfigurationIsVisible = 0;
			defaultConfigurationName = Release;
		};
		156FD24625D865B000B4FE1E /* Build configuration list for PBXNativeTarget "AudioOutputSelectorUITests" */ = {
			isa = XCConfigurationList;
			buildConfigurations = (
				156FD24725D865B000B4FE1E /* Debug */,
				156FD24825D865B000B4FE1E /* Release */,
			);
			defaultConfigurationIsVisible = 0;
			defaultConfigurationName = Release;
		};
/* End XCConfigurationList section */
	};
	rootObject = 156FD21225D865AE00B4FE1E /* Project object */;
}
